
Microsoft Visual Studio Solution File, Format Version 12.00
# Visual Studio Version 17
VisualStudioVersion = 17.2.32602.215
MinimumVisualStudioVersion = 10.0.40219.1
Project("{FAE04EC0-301F-11D3-BF4B-00C04F79EFBC}") = "gitexam", "gitexam\gitexam.csproj", "{FA5B3654-4C22-4427-B6B2-1552445F3F8D}"
EndProject
Global
	GlobalSection(SolutionConfigurationPlatforms) = preSolution
		Debug|Any CPU = Debug|Any CPU
		Release|Any CPU = Release|Any CPU
	EndGlobalSection
	GlobalSection(ProjectConfigurationPlatforms) = postSolution
		{FA5B3654-4C22-4427-B6B2-1552445F3F8D}.Debug|Any CPU.ActiveCfg = Debug|Any CPU
		{FA5B3654-4C22-4427-B6B2-1552445F3F8D}.Debug|Any CPU.Build.0 = Debug|Any CPU
		{FA5B3654-4C22-4427-B6B2-1552445F3F8D}.Release|Any CPU.ActiveCfg = Release|Any CPU
		{FA5B3654-4C22-4427-B6B2-1552445F3F8D}.Release|Any CPU.Build.0 = Release|Any CPU
	EndGlobalSection
	GlobalSection(SolutionProperties) = preSolution
		HideSolutionNode = FALSE
	EndGlobalSection
	GlobalSection(ExtensibilityGlobals) = postSolution
		SolutionGuid = {07C96E02-DC85-4147-AFE9-665A918D7EB0}
	EndGlobalSection
EndGlobal
